
Microsoft Visual Studio Solution File, Format Version 12.00
# Visual Studio Version 17
VisualStudioVersion = 17.14.36327.8 d17.14
MinimumVisualStudioVersion = 10.0.40219.1
Project("{FAE04EC0-301F-11D3-BF4B-00C04F79EFBC}") = "StudentSystem", "StudentSystem.csproj", "{15F1D985-69CF-44EB-97B5-C07F86FC7ACD}"
EndProject
Global
	GlobalSection(SolutionConfigurationPlatforms) = preSolution
		Debug|Any CPU = Debug|Any CPU
		Release|Any CPU = Release|Any CPU
	EndGlobalSection
	GlobalSection(ProjectConfigurationPlatforms) = postSolution
		{15F1D985-69CF-44EB-97B5-C07F86FC7ACD}.Debug|Any CPU.ActiveCfg = Debug|Any CPU
		{15F1D985-69CF-44EB-97B5-C07F86FC7ACD}.Debug|Any CPU.Build.0 = Debug|Any CPU
		{15F1D985-69CF-44EB-97B5-C07F86FC7ACD}.Release|Any CPU.ActiveCfg = Release|Any CPU
		{15F1D985-69CF-44EB-97B5-C07F86FC7ACD}.Release|Any CPU.Build.0 = Release|Any CPU
	EndGlobalSection
	GlobalSection(SolutionProperties) = preSolution
		HideSolutionNode = FALSE
	EndGlobalSection
	GlobalSection(ExtensibilityGlobals) = postSolution
		SolutionGuid = {F3297A0E-6272-4555-A6E4-6640E1911354}
	EndGlobalSection
EndGlobal
